// !$*UTF8*$!
{
	archiveVersion = 1;
	classes = {
	};
	objectVersion = 50;
	objects = {

/* Begin PBXBuildFile section */
		5CF5402C136DAF9B640C962F /* Pods_BelajarRxSwift.framework in Frameworks */ = {isa = PBXBuildFile; fileRef = CD3422C8CCFE745C38EE8250 /* Pods_BelajarRxSwift.framework */; };
		6DAB700521D5CAD500CC532A /* AppDelegate.swift in Sources */ = {isa = PBXBuildFile; fileRef = 6DAB700421D5CAD500CC532A /* AppDelegate.swift */; };
		6DAB700721D5CAD500CC532A /* ViewController.swift in Sources */ = {isa = PBXBuildFile; fileRef = 6DAB700621D5CAD500CC532A /* ViewController.swift */; };
		6DAB700A21D5CAD500CC532A /* Main.storyboard in Resources */ = {isa = PBXBuildFile; fileRef = 6DAB700821D5CAD500CC532A /* Main.storyboard */; };
		6DAB700C21D5CAD700CC532A /* Assets.xcassets in Resources */ = {isa = PBXBuildFile; fileRef = 6DAB700B21D5CAD700CC532A /* Assets.xcassets */; };
		6DAB700F21D5CAD700CC532A /* LaunchScreen.storyboard in Resources */ = {isa = PBXBuildFile; fileRef = 6DAB700D21D5CAD700CC532A /* LaunchScreen.storyboard */; };
/* End PBXBuildFile section */

/* Begin PBXFileReference section */
		3577CC949655CEE9CDE82B87 /* Pods-BelajarRxSwift.debug.xcconfig */ = {isa = PBXFileReference; includeInIndex = 1; lastKnownFileType = text.xcconfig; name = "Pods-BelajarRxSwift.debug.xcconfig"; path = "Pods/Target Support Files/Pods-BelajarRxSwift/Pods-BelajarRxSwift.debug.xcconfig"; sourceTree = "<group>"; };
		555DBB1C87DE66998015326A /* Pods-BelajarRxSwift.release.xcconfig */ = {isa = PBXFileReference; includeInIndex = 1; lastKnownFileType = text.xcconfig; name = "Pods-BelajarRxSwift.release.xcconfig"; path = "Pods/Target Support Files/Pods-BelajarRxSwift/Pods-BelajarRxSwift.release.xcconfig"; sourceTree = "<group>"; };
		6DAB700121D5CAD400CC532A /* BelajarRxSwift.app */ = {isa = PBXFileReference; explicitFileType = wrapper.application; includeInIndex = 0; path = BelajarRxSwift.app; sourceTree = BUILT_PRODUCTS_DIR; };
		6DAB700421D5CAD500CC532A /* AppDelegate.swift */ = {isa = PBXFileReference; lastKnownFileType = sourcecode.swift; path = AppDelegate.swift; sourceTree = "<group>"; };
		6DAB700621D5CAD500CC532A /* ViewController.swift */ = {isa = PBXFileReference; lastKnownFileType = sourcecode.swift; path = ViewController.swift; sourceTree = "<group>"; };
		6DAB700921D5CAD500CC532A /* Base */ = {isa = PBXFileReference; lastKnownFileType = file.storyboard; name = Base; path = Base.lproj/Main.storyboard; sourceTree = "<group>"; };
		6DAB700B21D5CAD700CC532A /* Assets.xcassets */ = {isa = PBXFileReference; lastKnownFileType = folder.assetcatalog; path = Assets.xcassets; sourceTree = "<group>"; };
		6DAB700E21D5CAD700CC532A /* Base */ = {isa = PBXFileReference; lastKnownFileType = file.storyboard; name = Base; path = Base.lproj/LaunchScreen.storyboard; sourceTree = "<group>"; };
		6DAB701021D5CAD700CC532A /* Info.plist */ = {isa = PBXFileReference; lastKnownFileType = text.plist.xml; path = Info.plist; sourceTree = "<group>"; };
		CD3422C8CCFE745C38EE8250 /* Pods_BelajarRxSwift.framework */ = {isa = PBXFileReference; explicitFileType = wrapper.framework; includeInIndex = 0; path = Pods_BelajarRxSwift.framework; sourceTree = BUILT_PRODUCTS_DIR; };
/* End PBXFileReference section */

/* Begin PBXFrameworksBuildPhase section */
		6DAB6FFE21D5CAD400CC532A /* Frameworks */ = {
			isa = PBXFrameworksBuildPhase;
			buildActionMask = 2147483647;
			files = (
				5CF5402C136DAF9B640C962F /* Pods_BelajarRxSwift.framework in Frameworks */,
			);
			runOnlyForDeploymentPostprocessing = 0;
		};
/* End PBXFrameworksBuildPhase section */

/* Begin PBXGroup section */
		20A57953A56DA138E762B102 /* Frameworks */ = {
			isa = PBXGroup;
			children = (
				CD3422C8CCFE745C38EE8250 /* Pods_BelajarRxSwift.framework */,
			);
			name = Frameworks;
			sourceTree = "<group>";
		};
		6DAB6FF821D5CAD400CC532A = {
			isa = PBXGroup;
			children = (
				6DAB700321D5CAD400CC532A /* BelajarRxSwift */,
				6DAB700221D5CAD400CC532A /* Products */,
				99A5DDE41BCDE0864E1E3775 /* Pods */,
				20A57953A56DA138E762B102 /* Frameworks */,
			);
			sourceTree = "<group>";
		};
		6DAB700221D5CAD400CC532A /* Products */ = {
			isa = PBXGroup;
			children = (
				6DAB700121D5CAD400CC532A /* BelajarRxSwift.app */,
			);
			name = Products;
			sourceTree = "<group>";
		};
		6DAB700321D5CAD400CC532A /* BelajarRxSwift */ = {
			isa = PBXGroup;
			children = (
				6DAB700421D5CAD500CC532A /* AppDelegate.swift */,
				6DAB700621D5CAD500CC532A /* ViewController.swift */,
				6DAB700821D5CAD500CC532A /* Main.storyboard */,
				6DAB700B21D5CAD700CC532A /* Assets.xcassets */,
				6DAB700D21D5CAD700CC532A /* LaunchScreen.storyboard */,
				6DAB701021D5CAD700CC532A /* Info.plist */,
			);
			path = BelajarRxSwift;
			sourceTree = "<group>";
		};
		99A5DDE41BCDE0864E1E3775 /* Pods */ = {
			isa = PBXGroup;
			children = (
				3577CC949655CEE9CDE82B87 /* Pods-BelajarRxSwift.debug.xcconfig */,
				555DBB1C87DE66998015326A /* Pods-BelajarRxSwift.release.xcconfig */,
			);
			name = Pods;
			sourceTree = "<group>";
		};
/* End PBXGroup section */

/* Begin PBXNativeTarget section */
		6DAB700021D5CAD400CC532A /* BelajarRxSwift */ = {
			isa = PBXNativeTarget;
			buildConfigurationList = 6DAB701321D5CAD700CC532A /* Build configuration list for PBXNativeTarget "BelajarRxSwift" */;
			buildPhases = (
				364FD8F85B5C6ABDE1388CFC /* [CP] Check Pods Manifest.lock */,
				6DAB6FFD21D5CAD400CC532A /* Sources */,
				6DAB6FFE21D5CAD400CC532A /* Frameworks */,
				6DAB6FFF21D5CAD400CC532A /* Resources */,
				481C858FB4BB9E279314D2BC /* [CP] Embed Pods Frameworks */,
			);
			buildRules = (
			);
			dependencies = (
			);
			name = BelajarRxSwift;
			productName = BelajarRxSwift;
			productReference = 6DAB700121D5CAD400CC532A /* BelajarRxSwift.app */;
			productType = "com.apple.product-type.application";
		};
/* End PBXNativeTarget section */

/* Begin PBXProject section */
		6DAB6FF921D5CAD400CC532A /* Project object */ = {
			isa = PBXProject;
			attributes = {
				LastSwiftUpdateCheck = 1000;
				LastUpgradeCheck = 1000;
				ORGANIZATIONNAME = Jeemba;
				TargetAttributes = {
					6DAB700021D5CAD400CC532A = {
						CreatedOnToolsVersion = 10.0;
					};
				};
			};
			buildConfigurationList = 6DAB6FFC21D5CAD400CC532A /* Build configuration list for PBXProject "BelajarRxSwift" */;
			compatibilityVersion = "Xcode 9.3";
			developmentRegion = en;
			hasScannedForEncodings = 0;
			knownRegions = (
				en,
				Base,
			);
			mainGroup = 6DAB6FF821D5CAD400CC532A;
			productRefGroup = 6DAB700221D5CAD400CC532A /* Products */;
			projectDirPath = "";
			projectRoot = "";
			targets = (
				6DAB700021D5CAD400CC532A /* BelajarRxSwift */,
			);
		};
/* End PBXProject section */

/* Begin PBXResourcesBuildPhase section */
		6DAB6FFF21D5CAD400CC532A /* Resources */ = {
			isa = PBXResourcesBuildPhase;
			buildActionMask = 2147483647;
			files = (
				6DAB700F21D5CAD700CC532A /* LaunchScreen.storyboard in Resources */,
				6DAB700C21D5CAD700CC532A /* Assets.xcassets in Resources */,
				6DAB700A21D5CAD500CC532A /* Main.storyboard in Resources */,
			);
			runOnlyForDeploymentPostprocessing = 0;
		};
/* End PBXResourcesBuildPhase section */

/* Begin PBXShellScriptBuildPhase section */
		364FD8F85B5C6ABDE1388CFC /* [CP] Check Pods Manifest.lock */ = {
			isa = PBXShellScriptBuildPhase;
			buildActionMask = 2147483647;
			files = (
			);
			inputPaths = (
				"${PODS_PODFILE_DIR_PATH}/Podfile.lock",
				"${PODS_ROOT}/Manifest.lock",
			);
			name = "[CP] Check Pods Manifest.lock";
			outputPaths = (
				"$(DERIVED_FILE_DIR)/Pods-BelajarRxSwift-checkManifestLockResult.txt",
			);
			runOnlyForDeploymentPostprocessing = 0;
			shellPath = /bin/sh;
			shellScript = "diff \"${PODS_PODFILE_DIR_PATH}/Podfile.lock\" \"${PODS_ROOT}/Manifest.lock\" > /dev/null\nif [ $? != 0 ] ; then\n    # print error to STDERR\n    echo \"error: The sandbox is not in sync with the Podfile.lock. Run 'pod install' or update your CocoaPods installation.\" >&2\n    exit 1\nfi\n# This output is used by Xcode 'outputs' to avoid re-running this script phase.\necho \"SUCCESS\" > \"${SCRIPT_OUTPUT_FILE_0}\"\n";
			showEnvVarsInLog = 0;
		};
		481C858FB4BB9E279314D2BC /* [CP] Embed Pods Frameworks */ = {
			isa = PBXShellScriptBuildPhase;
			buildActionMask = 2147483647;
			files = (
			);
			inputPaths = (
				"${SRCROOT}/Pods/Target Support Files/Pods-BelajarRxSwift/Pods-BelajarRxSwift-frameworks.sh",
				"${BUILT_PRODUCTS_DIR}/RxCocoa/RxCocoa.framework",
				"${BUILT_PRODUCTS_DIR}/RxSwift/RxSwift.framework",
			);
			name = "[CP] Embed Pods Frameworks";
			outputPaths = (
				"${TARGET_BUILD_DIR}/${FRAMEWORKS_FOLDER_PATH}/RxCocoa.framework",
				"${TARGET_BUILD_DIR}/${FRAMEWORKS_FOLDER_PATH}/RxSwift.framework",
			);
			runOnlyForDeploymentPostprocessing = 0;
			shellPath = /bin/sh;
			shellScript = "\"${SRCROOT}/Pods/Target Support Files/Pods-BelajarRxSwift/Pods-BelajarRxSwift-frameworks.sh\"\n";
			showEnvVarsInLog = 0;
		};
/* End PBXShellScriptBuildPhase section */

/* Begin PBXSourcesBuildPhase section */
		6DAB6FFD21D5CAD400CC532A /* Sources */ = {
			isa = PBXSourcesBuildPhase;
			buildActionMask = 2147483647;
			files = (
				6DAB700721D5CAD500CC532A /* ViewController.swift in Sources */,
				6DAB700521D5CAD500CC532A /* AppDelegate.swift in Sources */,
			);
			runOnlyForDeploymentPostprocessing = 0;
		};
/* End PBXSourcesBuildPhase section */

/* Begin PBXVariantGroup section */
		6DAB700821D5CAD500CC532A /* Main.storyboard */ = {
			isa = PBXVariantGroup;
			children = (
				6DAB700921D5CAD500CC532A /* Base */,
			);
			name = Main.storyboard;
			sourceTree = "<group>";
		};
		6DAB700D21D5CAD700CC532A /* LaunchScreen.storyboard */ = {
			isa = PBXVariantGroup;
			children = (
				6DAB700E21D5CAD700CC532A /* Base */,
			);
			name = LaunchScreen.storyboard;
			sourceTree = "<group>";
		};
/* End PBXVariantGroup section */

/* Begin XCBuildConfiguration section */
		6DAB701121D5CAD700CC532A /* Debug */ = {
			isa = XCBuildConfiguration;
			buildSettings = {
				ALWAYS_SEARCH_USER_PATHS = NO;
				CLANG_ANALYZER_NONNULL = YES;
				CLANG_ANALYZER_NUMBER_OBJECT_CONVERSION = YES_AGGRESSIVE;
				CLANG_CXX_LANGUAGE_STANDARD = "gnu++14";
				CLANG_CXX_LIBRARY = "libc++";
				CLANG_ENABLE_MODULES = YES;
				CLANG_ENABLE_OBJC_ARC = YES;
				CLANG_ENABLE_OBJC_WEAK = YES;
				CLANG_WARN_BLOCK_CAPTURE_AUTORELEASING = YES;
				CLANG_WARN_BOOL_CONVERSION = YES;
				CLANG_WARN_COMMA = YES;
				CLANG_WARN_CONSTANT_CONVERSION = YES;
				CLANG_WARN_DEPRECATED_OBJC_IMPLEMENTATIONS = YES;
				CLANG_WARN_DIRECT_OBJC_ISA_USAGE = YES_ERROR;
				CLANG_WARN_DOCUMENTATION_COMMENTS = YES;
				CLANG_WARN_EMPTY_BODY = YES;
				CLANG_WARN_ENUM_CONVERSION = YES;
				CLANG_WARN_INFINITE_RECURSION = YES;
				CLANG_WARN_INT_CONVERSION = YES;
				CLANG_WARN_NON_LITERAL_NULL_CONVERSION = YES;
				CLANG_WARN_OBJC_IMPLICIT_RETAIN_SELF = YES;
				CLANG_WARN_OBJC_LITERAL_CONVERSION = YES;
				CLANG_WARN_OBJC_ROOT_CLASS = YES_ERROR;
				CLANG_WARN_RANGE_LOOP_ANALYSIS = YES;
				CLANG_WARN_STRICT_PROTOTYPES = YES;
				CLANG_WARN_SUSPICIOUS_MOVE = YES;
				CLANG_WARN_UNGUARDED_AVAILABILITY = YES_AGGRESSIVE;
				CLANG_WARN_UNREACHABLE_CODE = YES;
				CLANG_WARN__DUPLICATE_METHOD_MATCH = YES;
				CODE_SIGN_IDENTITY = "iPhone Developer";
				COPY_PHASE_STRIP = NO;
				DEBUG_INFORMATION_FORMAT = dwarf;
				ENABLE_STRICT_OBJC_MSGSEND = YES;
				ENABLE_TESTABILITY = YES;
				GCC_C_LANGUAGE_STANDARD = gnu11;
				GCC_DYNAMIC_NO_PIC = NO;
				GCC_NO_COMMON_BLOCKS = YES;
				GCC_OPTIMIZATION_LEVEL = 0;
				GCC_PREPROCESSOR_DEFINITIONS = (
					"DEBUG=1",
					"$(inherited)",
				);
				GCC_WARN_64_TO_32_BIT_CONVERSION = YES;
				GCC_WARN_ABOUT_RETURN_TYPE = YES_ERROR;
				GCC_WARN_UNDECLARED_SELECTOR = YES;
				GCC_WARN_UNINITIALIZED_AUTOS = YES_AGGRESSIVE;
				GCC_WARN_UNUSED_FUNCTION = YES;
				GCC_WARN_UNUSED_VARIABLE = YES;
				IPHONEOS_DEPLOYMENT_TARGET = 12.0;
				MTL_ENABLE_DEBUG_INFO = INCLUDE_SOURCE;
				MTL_FAST_MATH = YES;
				ONLY_ACTIVE_ARCH = YES;
				SDKROOT = iphoneos;
				SWIFT_ACTIVE_COMPILATION_CONDITIONS = DEBUG;
				SWIFT_OPTIMIZATION_LEVEL = "-Onone";
			};
			name = Debug;
		};
		6DAB701221D5CAD700CC532A /* Release */ = {
			isa = XCBuildConfiguration;
			buildSettings = {
				ALWAYS_SEARCH_USER_PATHS = NO;
				CLANG_ANALYZER_NONNULL = YES;
				CLANG_ANALYZER_NUMBER_OBJECT_CONVERSION = YES_AGGRESSIVE;
				CLANG_CXX_LANGUAGE_STANDARD = "gnu++14";
				CLANG_CXX_LIBRARY = "libc++";
				CLANG_ENABLE_MODULES = YES;
				CLANG_ENABLE_OBJC_ARC = YES;
				CLANG_ENABLE_OBJC_WEAK = YES;
				CLANG_WARN_BLOCK_CAPTURE_AUTORELEASING = YES;
				CLANG_WARN_BOOL_CONVERSION = YES;
				CLANG_WARN_COMMA = YES;
				CLANG_WARN_CONSTANT_CONVERSION = YES;
				CLANG_WARN_DEPRECATED_OBJC_IMPLEMENTATIONS = YES;
				CLANG_WARN_DIRECT_OBJC_ISA_USAGE = YES_ERROR;
				CLANG_WARN_DOCUMENTATION_COMMENTS = YES;
				CLANG_WARN_EMPTY_BODY = YES;
				CLANG_WARN_ENUM_CONVERSION = YES;
				CLANG_WARN_INFINITE_RECURSION = YES;
				CLANG_WARN_INT_CONVERSION = YES;
				CLANG_WARN_NON_LITERAL_NULL_CONVERSION = YES;
				CLANG_WARN_OBJC_IMPLICIT_RETAIN_SELF = YES;
				CLANG_WARN_OBJC_LITERAL_CONVERSION = YES;
				CLANG_WARN_OBJC_ROOT_CLASS = YES_ERROR;
				CLANG_WARN_RANGE_LOOP_ANALYSIS = YES;
				CLANG_WARN_STRICT_PROTOTYPES = YES;
				CLANG_WARN_SUSPICIOUS_MOVE = YES;
				CLANG_WARN_UNGUARDED_AVAILABILITY = YES_AGGRESSIVE;
				CLANG_WARN_UNREACHABLE_CODE = YES;
				CLANG_WARN__DUPLICATE_METHOD_MATCH = YES;
				CODE_SIGN_IDENTITY = "iPhone Developer";
				COPY_PHASE_STRIP = NO;
				DEBUG_INFORMATION_FORMAT = "dwarf-with-dsym";
				ENABLE_NS_ASSERTIONS = NO;
				ENABLE_STRICT_OBJC_MSGSEND = YES;
				GCC_C_LANGUAGE_STANDARD = gnu11;
				GCC_NO_COMMON_BLOCKS = YES;
				GCC_WARN_64_TO_32_BIT_CONVERSION = YES;
				GCC_WARN_ABOUT_RETURN_TYPE = YES_ERROR;
				GCC_WARN_UNDECLARED_SELECTOR = YES;
				GCC_WARN_UNINITIALIZED_AUTOS = YES_AGGRESSIVE;
				GCC_WARN_UNUSED_FUNCTION = YES;
				GCC_WARN_UNUSED_VARIABLE = YES;
				IPHONEOS_DEPLOYMENT_TARGET = 12.0;
				MTL_ENABLE_DEBUG_INFO = NO;
				MTL_FAST_MATH = YES;
				SDKROOT = iphoneos;
				SWIFT_COMPILATION_MODE = wholemodule;
				SWIFT_OPTIMIZATION_LEVEL = "-O";
				VALIDATE_PRODUCT = YES;
			};
			name = Release;
		};
		6DAB701421D5CAD700CC532A /* Debug */ = {
			isa = XCBuildConfiguration;
			baseConfigurationReference = 3577CC949655CEE9CDE82B87 /* Pods-BelajarRxSwift.debug.xcconfig */;
			buildSettings = {
				ASSETCATALOG_COMPILER_APPICON_NAME = AppIcon;
				CODE_SIGN_STYLE = Automatic;
				DEVELOPMENT_TEAM = N86LTAU6UX;
				INFOPLIST_FILE = BelajarRxSwift/Info.plist;
				LD_RUNPATH_SEARCH_PATHS = (
					"$(inherited)",
					"@executable_path/Frameworks",
				);
				PRODUCT_BUNDLE_IDENTIFIER = jeemba.com.BelajarRxSwift;
				PRODUCT_NAME = "$(TARGET_NAME)";
				SWIFT_VERSION = 4.2;
				TARGETED_DEVICE_FAMILY = "1,2";
			};
			name = Debug;
		};
		6DAB701521D5CAD700CC532A /* Release */ = {
			isa = XCBuildConfiguration;
			baseConfigurationReference = 555DBB1C87DE66998015326A /* Pods-BelajarRxSwift.release.xcconfig */;
			buildSettings = {
				ASSETCATALOG_COMPILER_APPICON_NAME = AppIcon;
				CODE_SIGN_STYLE = Automatic;
				DEVELOPMENT_TEAM = N86LTAU6UX;
				INFOPLIST_FILE = BelajarRxSwift/Info.plist;
				LD_RUNPATH_SEARCH_PATHS = (
					"$(inherited)",
					"@executable_path/Frameworks",
				);
				PRODUCT_BUNDLE_IDENTIFIER = jeemba.com.BelajarRxSwift;
				PRODUCT_NAME = "$(TARGET_NAME)";
				SWIFT_VERSION = 4.2;
				TARGETED_DEVICE_FAMILY = "1,2";
			};
			name = Release;
		};
/* End XCBuildConfiguration section */

/* Begin XCConfigurationList section */
		6DAB6FFC21D5CAD400CC532A /* Build configuration list for PBXProject "BelajarRxSwift" */ = {
			isa = XCConfigurationList;
			buildConfigurations = (
				6DAB701121D5CAD700CC532A /* Debug */,
				6DAB701221D5CAD700CC532A /* Release */,
			);
			defaultConfigurationIsVisible = 0;
			defaultConfigurationName = Release;
		};
		6DAB701321D5CAD700CC532A /* Build configuration list for PBXNativeTarget "BelajarRxSwift" */ = {
			isa = XCConfigurationList;
			buildConfigurations = (
				6DAB701421D5CAD700CC532A /* Debug */,
				6DAB701521D5CAD700CC532A /* Release */,
			);
			defaultConfigurationIsVisible = 0;
			defaultConfigurationName = Release;
		};
/* End XCConfigurationList section */
	};
	rootObject = 6DAB6FF921D5CAD400CC532A /* Project object */;
}
